PackratFormat: 1.4
PackratVersion: 0.4.9.2
RVersion: 3.4.4
Repos: CRAN=https://cran.rstudio.com/,
    CRANextra=http://www.stats.ox.ac.uk/pub/RWin

Package: packrat
Source: github
Version: 0.4.9-2
GithubRepo: packrat
GithubUsername: rstudio
GithubRef: master
GithubSha1: f18e2607af2935508d7f04ac91d96b5f3bfe09ae
RemoteHost: https://api.github.com
RemoteRepo: packrat
RemoteUsername: rstudio
RemoteSha: f18e2607af2935508d7f04ac91d96b5f3bfe09ae
Hash: c73cc03ba66369a5791221307ff811c6
